<?xml version="1.0" encoding="utf-8"?>
<Project ToolsVersion="17.0" xmlns="http://schemas.microsoft.com/developer/msbuild/2003">
  <ItemGroup>
    <ClCompile Include="C:\Users\Home\Downloads\biona_axon\snie\biona\axon\core\src\signal.cpp">
      <Filter>Source Files</Filter>
    </ClCompile>
    <ClCompile Include="C:\Users\Home\Downloads\biona_axon\snie\biona\axon\core\src\inference_engine_factory.cpp">
      <Filter>Source Files</Filter>
    </ClCompile>
    <ClCompile Include="C:\Users\Home\Downloads\biona_axon\snie\biona\axon\core\src\onnx_contract.cpp">
      <Filter>Source Files</Filter>
    </ClCompile>
    <ClCompile Include="C:\Users\Home\Downloads\biona_axon\snie\biona\axon\core\src\vad\webrtc_vad.cpp">
      <Filter>Source Files</Filter>
    </ClCompile>
    <ClCompile Include="C:\Users\Home\Downloads\biona_axon\snie\biona\axon\core\src\vad\energy_vad.cpp">
      <Filter>Source Files</Filter>
    </ClCompile>
    <ClCompile Include="C:\Users\Home\Downloads\biona_axon\snie\biona\axon\core\src\vad\vad_factory.cpp">
      <Filter>Source Files</Filter>
    </ClCompile>
    <ClCompile Include="C:\Users\Home\Downloads\biona_axon\snie\biona\axon\core\src\signal_thread_pool.cpp">
      <Filter>Source Files</Filter>
    </ClCompile>
  </ItemGroup>
  <ItemGroup>
    <CustomBuild Include="C:\Users\Home\Downloads\biona_axon\snie\biona\axon\core\CMakeLists.txt" />
  </ItemGroup>
  <ItemGroup>
    <Filter Include="Source Files">
      <UniqueIdentifier>{E9D7084E-5FA0-30B1-902A-600BEA1A84B6}</UniqueIdentifier>
    </Filter>
  </ItemGroup>
</Project>
