<?xml version="1.0" encoding="utf-8"?>
<Project ToolsVersion="17.0" xmlns="http://schemas.microsoft.com/developer/msbuild/2003">
  <ItemGroup>
    <ClCompile Include="C:\Users\Home\Downloads\biona_axon\snie\biona\axon\tests\unit\test_safe_log.cpp">
      <Filter>Source Files</Filter>
    </ClCompile>
  </ItemGroup>
  <ItemGroup>
    <CustomBuild Include="C:\Users\Home\Downloads\biona_axon\snie\biona\axon\tests\unit\CMakeLists.txt" />
  </ItemGroup>
  <ItemGroup>
    <Filter Include="Source Files">
      <UniqueIdentifier>{E9D7084E-5FA0-30B1-902A-600BEA1A84B6}</UniqueIdentifier>
    </Filter>
  </ItemGroup>
</Project>
