<?xml version="1.0" encoding="utf-8"?>
<Project ToolsVersion="17.0" xmlns="http://schemas.microsoft.com/developer/msbuild/2003">
  <ItemGroup>
    <CustomBuild Include="C:\Users\Home\Downloads\biona_axon\snie\build_msvc\CMakeFiles\87ba5d0ff40c29f5c622e6e1c6c84c88\RUN_TESTS_force.rule">
      <Filter>CMake Rules</Filter>
    </CustomBuild>
  </ItemGroup>
  <ItemGroup>
    <Filter Include="CMake Rules">
      <UniqueIdentifier>{4E2E2750-3BA1-3878-BB19-6EB708E6CB84}</UniqueIdentifier>
    </Filter>
  </ItemGroup>
</Project>
